// !$*UTF8*$!
{
	archiveVersion = 1;
	classes = {
	};
	objectVersion = 48;
	objects = {

/* Begin PBXBuildFile section */
		8235DF8CE55525DF01CF504A /* Pods_bitcoin_appTests.framework in Frameworks */ = {isa = PBXBuildFile; fileRef = 98FBD1578417ACDAFBE0B262 /* Pods_bitcoin_appTests.framework */; };
		A77DDE101F5BFDEC001DC413 /* AppDelegate.swift in Sources */ = {isa = PBXBuildFile; fileRef = A77DDE0F1F5BFDEC001DC413 /* AppDelegate.swift */; };
		A77DDE171F5BFDEC001DC413 /* Assets.xcassets in Resources */ = {isa = PBXBuildFile; fileRef = A77DDE161F5BFDEC001DC413 /* Assets.xcassets */; };
		A77DDE1A1F5BFDEC001DC413 /* LaunchScreen.storyboard in Resources */ = {isa = PBXBuildFile; fileRef = A77DDE181F5BFDEC001DC413 /* LaunchScreen.storyboard */; };
		A77DDE251F5BFDEC001DC413 /* bitcoin_appTests.swift in Sources */ = {isa = PBXBuildFile; fileRef = A77DDE241F5BFDEC001DC413 /* bitcoin_appTests.swift */; };
		A77DDE301F5C02BE001DC413 /* AppCoordinator.swift in Sources */ = {isa = PBXBuildFile; fileRef = A77DDE2F1F5C02BE001DC413 /* AppCoordinator.swift */; };
		A77DDE321F5C04D4001DC413 /* BitcoinTicker.swift in Sources */ = {isa = PBXBuildFile; fileRef = A77DDE311F5C04D4001DC413 /* BitcoinTicker.swift */; };
		A77DDE351F5C0526001DC413 /* BitcoinHistory.swift in Sources */ = {isa = PBXBuildFile; fileRef = A77DDE341F5C0526001DC413 /* BitcoinHistory.swift */; };
		A77DDE381F5C0548001DC413 /* MainViewController.swift in Sources */ = {isa = PBXBuildFile; fileRef = A77DDE361F5C0548001DC413 /* MainViewController.swift */; };
		A77DDE391F5C0548001DC413 /* MainViewController.xib in Resources */ = {isa = PBXBuildFile; fileRef = A77DDE371F5C0548001DC413 /* MainViewController.xib */; };
		A77DDE3F1F5C05EE001DC413 /* Webservice.swift in Sources */ = {isa = PBXBuildFile; fileRef = A77DDE3E1F5C05EE001DC413 /* Webservice.swift */; };
		A77DDE411F5C060C001DC413 /* BitcoinService.swift in Sources */ = {isa = PBXBuildFile; fileRef = A77DDE401F5C060C001DC413 /* BitcoinService.swift */; };
		BD7B4DE45E628C851F16D96A /* Pods_bitcoin_app.framework in Frameworks */ = {isa = PBXBuildFile; fileRef = 7B45B418E9E826745DE887E1 /* Pods_bitcoin_app.framework */; };
/* End PBXBuildFile section */

/* Begin PBXContainerItemProxy section */
		A77DDE211F5BFDEC001DC413 /* PBXContainerItemProxy */ = {
			isa = PBXContainerItemProxy;
			containerPortal = A77DDE041F5BFDEC001DC413 /* Project object */;
			proxyType = 1;
			remoteGlobalIDString = A77DDE0B1F5BFDEC001DC413;
			remoteInfo = "bitcoin-app";
		};
/* End PBXContainerItemProxy section */

/* Begin PBXFileReference section */
		3AD0AF8EB7733E25F33D1FBF /* Pods-bitcoin-app.release.xcconfig */ = {isa = PBXFileReference; includeInIndex = 1; lastKnownFileType = text.xcconfig; name = "Pods-bitcoin-app.release.xcconfig"; path = "Pods/Target Support Files/Pods-bitcoin-app/Pods-bitcoin-app.release.xcconfig"; sourceTree = "<group>"; };
		592C828B9AC75FE187C16629 /* Pods-bitcoin-app.debug.xcconfig */ = {isa = PBXFileReference; includeInIndex = 1; lastKnownFileType = text.xcconfig; name = "Pods-bitcoin-app.debug.xcconfig"; path = "Pods/Target Support Files/Pods-bitcoin-app/Pods-bitcoin-app.debug.xcconfig"; sourceTree = "<group>"; };
		65B767BAA090806157CDE6FA /* Pods-bitcoin-appTests.debug.xcconfig */ = {isa = PBXFileReference; includeInIndex = 1; lastKnownFileType = text.xcconfig; name = "Pods-bitcoin-appTests.debug.xcconfig"; path = "Pods/Target Support Files/Pods-bitcoin-appTests/Pods-bitcoin-appTests.debug.xcconfig"; sourceTree = "<group>"; };
		7B45B418E9E826745DE887E1 /* Pods_bitcoin_app.framework */ = {isa = PBXFileReference; explicitFileType = wrapper.framework; includeInIndex = 0; path = Pods_bitcoin_app.framework; sourceTree = BUILT_PRODUCTS_DIR; };
		98FBD1578417ACDAFBE0B262 /* Pods_bitcoin_appTests.framework */ = {isa = PBXFileReference; explicitFileType = wrapper.framework; includeInIndex = 0; path = Pods_bitcoin_appTests.framework; sourceTree = BUILT_PRODUCTS_DIR; };
		9C82D7C681FF33EB62E0560A /* Pods-bitcoin-appTests.release.xcconfig */ = {isa = PBXFileReference; includeInIndex = 1; lastKnownFileType = text.xcconfig; name = "Pods-bitcoin-appTests.release.xcconfig"; path = "Pods/Target Support Files/Pods-bitcoin-appTests/Pods-bitcoin-appTests.release.xcconfig"; sourceTree = "<group>"; };
		A77DDE0C1F5BFDEC001DC413 /* bitcoin-app.app */ = {isa = PBXFileReference; explicitFileType = wrapper.application; includeInIndex = 0; path = "bitcoin-app.app"; sourceTree = BUILT_PRODUCTS_DIR; };
		A77DDE0F1F5BFDEC001DC413 /* AppDelegate.swift */ = {isa = PBXFileReference; lastKnownFileType = sourcecode.swift; path = AppDelegate.swift; sourceTree = "<group>"; };
		A77DDE161F5BFDEC001DC413 /* Assets.xcassets */ = {isa = PBXFileReference; lastKnownFileType = folder.assetcatalog; path = Assets.xcassets; sourceTree = "<group>"; };
		A77DDE191F5BFDEC001DC413 /* Base */ = {isa = PBXFileReference; lastKnownFileType = file.storyboard; name = Base; path = Base.lproj/LaunchScreen.storyboard; sourceTree = "<group>"; };
		A77DDE1B1F5BFDEC001DC413 /* Info.plist */ = {isa = PBXFileReference; lastKnownFileType = text.plist.xml; path = Info.plist; sourceTree = "<group>"; };
		A77DDE201F5BFDEC001DC413 /* bitcoin-appTests.xctest */ = {isa = PBXFileReference; explicitFileType = wrapper.cfbundle; includeInIndex = 0; path = "bitcoin-appTests.xctest"; sourceTree = BUILT_PRODUCTS_DIR; };
		A77DDE241F5BFDEC001DC413 /* bitcoin_appTests.swift */ = {isa = PBXFileReference; lastKnownFileType = sourcecode.swift; path = bitcoin_appTests.swift; sourceTree = "<group>"; };
		A77DDE261F5BFDEC001DC413 /* Info.plist */ = {isa = PBXFileReference; lastKnownFileType = text.plist.xml; path = Info.plist; sourceTree = "<group>"; };
		A77DDE2F1F5C02BE001DC413 /* AppCoordinator.swift */ = {isa = PBXFileReference; lastKnownFileType = sourcecode.swift; path = AppCoordinator.swift; sourceTree = "<group>"; };
		A77DDE311F5C04D4001DC413 /* BitcoinTicker.swift */ = {isa = PBXFileReference; lastKnownFileType = sourcecode.swift; path = BitcoinTicker.swift; sourceTree = "<group>"; };
		A77DDE341F5C0526001DC413 /* BitcoinHistory.swift */ = {isa = PBXFileReference; lastKnownFileType = sourcecode.swift; path = BitcoinHistory.swift; sourceTree = "<group>"; };
		A77DDE361F5C0548001DC413 /* MainViewController.swift */ = {isa = PBXFileReference; lastKnownFileType = sourcecode.swift; path = MainViewController.swift; sourceTree = "<group>"; };
		A77DDE371F5C0548001DC413 /* MainViewController.xib */ = {isa = PBXFileReference; lastKnownFileType = file.xib; path = MainViewController.xib; sourceTree = "<group>"; };
		A77DDE3E1F5C05EE001DC413 /* Webservice.swift */ = {isa = PBXFileReference; lastKnownFileType = sourcecode.swift; path = Webservice.swift; sourceTree = "<group>"; };
		A77DDE401F5C060C001DC413 /* BitcoinService.swift */ = {isa = PBXFileReference; lastKnownFileType = sourcecode.swift; path = BitcoinService.swift; sourceTree = "<group>"; };
/* End PBXFileReference section */

/* Begin PBXFrameworksBuildPhase section */
		A77DDE091F5BFDEC001DC413 /* Frameworks */ = {
			isa = PBXFrameworksBuildPhase;
			buildActionMask = 2147483647;
			files = (
				BD7B4DE45E628C851F16D96A /* Pods_bitcoin_app.framework in Frameworks */,
			);
			runOnlyForDeploymentPostprocessing = 0;
		};
		A77DDE1D1F5BFDEC001DC413 /* Frameworks */ = {
			isa = PBXFrameworksBuildPhase;
			buildActionMask = 2147483647;
			files = (
				8235DF8CE55525DF01CF504A /* Pods_bitcoin_appTests.framework in Frameworks */,
			);
			runOnlyForDeploymentPostprocessing = 0;
		};
/* End PBXFrameworksBuildPhase section */

/* Begin PBXGroup section */
		A77DDE031F5BFDEC001DC413 = {
			isa = PBXGroup;
			children = (
				A77DDE0E1F5BFDEC001DC413 /* bitcoin-app */,
				A77DDE231F5BFDEC001DC413 /* bitcoin-appTests */,
				A77DDE0D1F5BFDEC001DC413 /* Products */,
				D8BD04A61E8C205FBAC6EAD7 /* Pods */,
				AA074F6745CD7301A577CC21 /* Frameworks */,
			);
			sourceTree = "<group>";
		};
		A77DDE0D1F5BFDEC001DC413 /* Products */ = {
			isa = PBXGroup;
			children = (
				A77DDE0C1F5BFDEC001DC413 /* bitcoin-app.app */,
				A77DDE201F5BFDEC001DC413 /* bitcoin-appTests.xctest */,
			);
			name = Products;
			sourceTree = "<group>";
		};
		A77DDE0E1F5BFDEC001DC413 /* bitcoin-app */ = {
			isa = PBXGroup;
			children = (
				A77DDE0F1F5BFDEC001DC413 /* AppDelegate.swift */,
				A77DDE3B1F5C056A001DC413 /* AppSections */,
				A77DDE331F5C0503001DC413 /* Model */,
				A77DDE3C1F5C057F001DC413 /* View */,
				A77DDE3D1F5C05DC001DC413 /* Webservices */,
				A77DDE161F5BFDEC001DC413 /* Assets.xcassets */,
				A77DDE181F5BFDEC001DC413 /* LaunchScreen.storyboard */,
				A77DDE1B1F5BFDEC001DC413 /* Info.plist */,
			);
			path = "bitcoin-app";
			sourceTree = "<group>";
		};
		A77DDE231F5BFDEC001DC413 /* bitcoin-appTests */ = {
			isa = PBXGroup;
			children = (
				A77DDE241F5BFDEC001DC413 /* bitcoin_appTests.swift */,
				A77DDE261F5BFDEC001DC413 /* Info.plist */,
			);
			path = "bitcoin-appTests";
			sourceTree = "<group>";
		};
		A77DDE331F5C0503001DC413 /* Model */ = {
			isa = PBXGroup;
			children = (
				A77DDE311F5C04D4001DC413 /* BitcoinTicker.swift */,
				A77DDE341F5C0526001DC413 /* BitcoinHistory.swift */,
			);
			path = Model;
			sourceTree = "<group>";
		};
		A77DDE3A1F5C054F001DC413 /* Main */ = {
			isa = PBXGroup;
			children = (
				A77DDE361F5C0548001DC413 /* MainViewController.swift */,
				A77DDE371F5C0548001DC413 /* MainViewController.xib */,
			);
			path = Main;
			sourceTree = "<group>";
		};
		A77DDE3B1F5C056A001DC413 /* AppSections */ = {
			isa = PBXGroup;
			children = (
				A77DDE2F1F5C02BE001DC413 /* AppCoordinator.swift */,
				A77DDE3A1F5C054F001DC413 /* Main */,
			);
			path = AppSections;
			sourceTree = "<group>";
		};
		A77DDE3C1F5C057F001DC413 /* View */ = {
			isa = PBXGroup;
			children = (
			);
			path = View;
			sourceTree = "<group>";
		};
		A77DDE3D1F5C05DC001DC413 /* Webservices */ = {
			isa = PBXGroup;
			children = (
				A77DDE3E1F5C05EE001DC413 /* Webservice.swift */,
				A77DDE401F5C060C001DC413 /* BitcoinService.swift */,
			);
			path = Webservices;
			sourceTree = "<group>";
		};
		AA074F6745CD7301A577CC21 /* Frameworks */ = {
			isa = PBXGroup;
			children = (
				7B45B418E9E826745DE887E1 /* Pods_bitcoin_app.framework */,
				98FBD1578417ACDAFBE0B262 /* Pods_bitcoin_appTests.framework */,
			);
			name = Frameworks;
			sourceTree = "<group>";
		};
		D8BD04A61E8C205FBAC6EAD7 /* Pods */ = {
			isa = PBXGroup;
			children = (
				592C828B9AC75FE187C16629 /* Pods-bitcoin-app.debug.xcconfig */,
				3AD0AF8EB7733E25F33D1FBF /* Pods-bitcoin-app.release.xcconfig */,
				65B767BAA090806157CDE6FA /* Pods-bitcoin-appTests.debug.xcconfig */,
				9C82D7C681FF33EB62E0560A /* Pods-bitcoin-appTests.release.xcconfig */,
			);
			name = Pods;
			sourceTree = "<group>";
		};
/* End PBXGroup section */

/* Begin PBXNativeTarget section */
		A77DDE0B1F5BFDEC001DC413 /* bitcoin-app */ = {
			isa = PBXNativeTarget;
			buildConfigurationList = A77DDE291F5BFDEC001DC413 /* Build configuration list for PBXNativeTarget "bitcoin-app" */;
			buildPhases = (
				AECE65AAE26E71A9FC2E96AC /* [CP] Check Pods Manifest.lock */,
				A77DDE081F5BFDEC001DC413 /* Sources */,
				A77DDE091F5BFDEC001DC413 /* Frameworks */,
				A77DDE0A1F5BFDEC001DC413 /* Resources */,
				26B8FC08E7BD4E0E1646FE6C /* [CP] Embed Pods Frameworks */,
				BA26FDAF9284E8D1FD9B1DD8 /* [CP] Copy Pods Resources */,
			);
			buildRules = (
			);
			dependencies = (
			);
			name = "bitcoin-app";
			productName = "bitcoin-app";
			productReference = A77DDE0C1F5BFDEC001DC413 /* bitcoin-app.app */;
			productType = "com.apple.product-type.application";
		};
		A77DDE1F1F5BFDEC001DC413 /* bitcoin-appTests */ = {
			isa = PBXNativeTarget;
			buildConfigurationList = A77DDE2C1F5BFDEC001DC413 /* Build configuration list for PBXNativeTarget "bitcoin-appTests" */;
			buildPhases = (
				C299BDC638F85B40492EA5D5 /* [CP] Check Pods Manifest.lock */,
				A77DDE1C1F5BFDEC001DC413 /* Sources */,
				A77DDE1D1F5BFDEC001DC413 /* Frameworks */,
				A77DDE1E1F5BFDEC001DC413 /* Resources */,
				645B67834F7763D387AE688E /* [CP] Embed Pods Frameworks */,
				4D786751F5C63A5242115E7E /* [CP] Copy Pods Resources */,
			);
			buildRules = (
			);
			dependencies = (
				A77DDE221F5BFDEC001DC413 /* PBXTargetDependency */,
			);
			name = "bitcoin-appTests";
			productName = "bitcoin-appTests";
			productReference = A77DDE201F5BFDEC001DC413 /* bitcoin-appTests.xctest */;
			productType = "com.apple.product-type.bundle.unit-test";
		};
/* End PBXNativeTarget section */

/* Begin PBXProject section */
		A77DDE041F5BFDEC001DC413 /* Project object */ = {
			isa = PBXProject;
			attributes = {
				LastSwiftUpdateCheck = 0900;
				LastUpgradeCheck = 0900;
				ORGANIZATIONNAME = "Jan Dammshäuser";
				TargetAttributes = {
					A77DDE0B1F5BFDEC001DC413 = {
						CreatedOnToolsVersion = 9.0;
						ProvisioningStyle = Automatic;
					};
					A77DDE1F1F5BFDEC001DC413 = {
						CreatedOnToolsVersion = 9.0;
						ProvisioningStyle = Automatic;
						TestTargetID = A77DDE0B1F5BFDEC001DC413;
					};
				};
			};
			buildConfigurationList = A77DDE071F5BFDEC001DC413 /* Build configuration list for PBXProject "bitcoin-app" */;
			compatibilityVersion = "Xcode 8.0";
			developmentRegion = en;
			hasScannedForEncodings = 0;
			knownRegions = (
				en,
				Base,
			);
			mainGroup = A77DDE031F5BFDEC001DC413;
			productRefGroup = A77DDE0D1F5BFDEC001DC413 /* Products */;
			projectDirPath = "";
			projectRoot = "";
			targets = (
				A77DDE0B1F5BFDEC001DC413 /* bitcoin-app */,
				A77DDE1F1F5BFDEC001DC413 /* bitcoin-appTests */,
			);
		};
/* End PBXProject section */

/* Begin PBXResourcesBuildPhase section */
		A77DDE0A1F5BFDEC001DC413 /* Resources */ = {
			isa = PBXResourcesBuildPhase;
			buildActionMask = 2147483647;
			files = (
				A77DDE1A1F5BFDEC001DC413 /* LaunchScreen.storyboard in Resources */,
				A77DDE391F5C0548001DC413 /* MainViewController.xib in Resources */,
				A77DDE171F5BFDEC001DC413 /* Assets.xcassets in Resources */,
			);
			runOnlyForDeploymentPostprocessing = 0;
		};
		A77DDE1E1F5BFDEC001DC413 /* Resources */ = {
			isa = PBXResourcesBuildPhase;
			buildActionMask = 2147483647;
			files = (
			);
			runOnlyForDeploymentPostprocessing = 0;
		};
/* End PBXResourcesBuildPhase section */

/* Begin PBXShellScriptBuildPhase section */
		26B8FC08E7BD4E0E1646FE6C /* [CP] Embed Pods Frameworks */ = {
			isa = PBXShellScriptBuildPhase;
			buildActionMask = 2147483647;
			files = (
			);
			inputPaths = (
			);
			name = "[CP] Embed Pods Frameworks";
			outputPaths = (
			);
			runOnlyForDeploymentPostprocessing = 0;
			shellPath = /bin/sh;
			shellScript = "\"${SRCROOT}/Pods/Target Support Files/Pods-bitcoin-app/Pods-bitcoin-app-frameworks.sh\"\n";
			showEnvVarsInLog = 0;
		};
		4D786751F5C63A5242115E7E /* [CP] Copy Pods Resources */ = {
			isa = PBXShellScriptBuildPhase;
			buildActionMask = 2147483647;
			files = (
			);
			inputPaths = (
			);
			name = "[CP] Copy Pods Resources";
			outputPaths = (
			);
			runOnlyForDeploymentPostprocessing = 0;
			shellPath = /bin/sh;
			shellScript = "\"${SRCROOT}/Pods/Target Support Files/Pods-bitcoin-appTests/Pods-bitcoin-appTests-resources.sh\"\n";
			showEnvVarsInLog = 0;
		};
		645B67834F7763D387AE688E /* [CP] Embed Pods Frameworks */ = {
			isa = PBXShellScriptBuildPhase;
			buildActionMask = 2147483647;
			files = (
			);
			inputPaths = (
			);
			name = "[CP] Embed Pods Frameworks";
			outputPaths = (
			);
			runOnlyForDeploymentPostprocessing = 0;
			shellPath = /bin/sh;
			shellScript = "\"${SRCROOT}/Pods/Target Support Files/Pods-bitcoin-appTests/Pods-bitcoin-appTests-frameworks.sh\"\n";
			showEnvVarsInLog = 0;
		};
		AECE65AAE26E71A9FC2E96AC /* [CP] Check Pods Manifest.lock */ = {
			isa = PBXShellScriptBuildPhase;
			buildActionMask = 2147483647;
			files = (
			);
			inputPaths = (
			);
			name = "[CP] Check Pods Manifest.lock";
			outputPaths = (
			);
			runOnlyForDeploymentPostprocessing = 0;
			shellPath = /bin/sh;
			shellScript = "diff \"${PODS_PODFILE_DIR_PATH}/Podfile.lock\" \"${PODS_ROOT}/Manifest.lock\" > /dev/null\nif [ $? != 0 ] ; then\n    # print error to STDERR\n    echo \"error: The sandbox is not in sync with the Podfile.lock. Run 'pod install' or update your CocoaPods installation.\" >&2\n    exit 1\nfi\n";
			showEnvVarsInLog = 0;
		};
		BA26FDAF9284E8D1FD9B1DD8 /* [CP] Copy Pods Resources */ = {
			isa = PBXShellScriptBuildPhase;
			buildActionMask = 2147483647;
			files = (
			);
			inputPaths = (
			);
			name = "[CP] Copy Pods Resources";
			outputPaths = (
			);
			runOnlyForDeploymentPostprocessing = 0;
			shellPath = /bin/sh;
			shellScript = "\"${SRCROOT}/Pods/Target Support Files/Pods-bitcoin-app/Pods-bitcoin-app-resources.sh\"\n";
			showEnvVarsInLog = 0;
		};
		C299BDC638F85B40492EA5D5 /* [CP] Check Pods Manifest.lock */ = {
			isa = PBXShellScriptBuildPhase;
			buildActionMask = 2147483647;
			files = (
			);
			inputPaths = (
			);
			name = "[CP] Check Pods Manifest.lock";
			outputPaths = (
			);
			runOnlyForDeploymentPostprocessing = 0;
			shellPath = /bin/sh;
			shellScript = "diff \"${PODS_PODFILE_DIR_PATH}/Podfile.lock\" \"${PODS_ROOT}/Manifest.lock\" > /dev/null\nif [ $? != 0 ] ; then\n    # print error to STDERR\n    echo \"error: The sandbox is not in sync with the Podfile.lock. Run 'pod install' or update your CocoaPods installation.\" >&2\n    exit 1\nfi\n";
			showEnvVarsInLog = 0;
		};
/* End PBXShellScriptBuildPhase section */

/* Begin PBXSourcesBuildPhase section */
		A77DDE081F5BFDEC001DC413 /* Sources */ = {
			isa = PBXSourcesBuildPhase;
			buildActionMask = 2147483647;
			files = (
				A77DDE301F5C02BE001DC413 /* AppCoordinator.swift in Sources */,
				A77DDE351F5C0526001DC413 /* BitcoinHistory.swift in Sources */,
				A77DDE3F1F5C05EE001DC413 /* Webservice.swift in Sources */,
				A77DDE321F5C04D4001DC413 /* BitcoinTicker.swift in Sources */,
				A77DDE101F5BFDEC001DC413 /* AppDelegate.swift in Sources */,
				A77DDE381F5C0548001DC413 /* MainViewController.swift in Sources */,
				A77DDE411F5C060C001DC413 /* BitcoinService.swift in Sources */,
			);
			runOnlyForDeploymentPostprocessing = 0;
		};
		A77DDE1C1F5BFDEC001DC413 /* Sources */ = {
			isa = PBXSourcesBuildPhase;
			buildActionMask = 2147483647;
			files = (
				A77DDE251F5BFDEC001DC413 /* bitcoin_appTests.swift in Sources */,
			);
			runOnlyForDeploymentPostprocessing = 0;
		};
/* End PBXSourcesBuildPhase section */

/* Begin PBXTargetDependency section */
		A77DDE221F5BFDEC001DC413 /* PBXTargetDependency */ = {
			isa = PBXTargetDependency;
			target = A77DDE0B1F5BFDEC001DC413 /* bitcoin-app */;
			targetProxy = A77DDE211F5BFDEC001DC413 /* PBXContainerItemProxy */;
		};
/* End PBXTargetDependency section */

/* Begin PBXVariantGroup section */
		A77DDE181F5BFDEC001DC413 /* LaunchScreen.storyboard */ = {
			isa = PBXVariantGroup;
			children = (
				A77DDE191F5BFDEC001DC413 /* Base */,
			);
			name = LaunchScreen.storyboard;
			sourceTree = "<group>";
		};
/* End PBXVariantGroup section */

/* Begin XCBuildConfiguration section */
		A77DDE271F5BFDEC001DC413 /* Debug */ = {
			isa = XCBuildConfiguration;
			buildSettings = {
				ALWAYS_SEARCH_USER_PATHS = NO;
				CLANG_ANALYZER_NONNULL = YES;
				CLANG_ANALYZER_NUMBER_OBJECT_CONVERSION = YES_AGGRESSIVE;
				CLANG_CXX_LANGUAGE_STANDARD = "gnu++14";
				CLANG_CXX_LIBRARY = "libc++";
				CLANG_ENABLE_MODULES = YES;
				CLANG_ENABLE_OBJC_ARC = YES;
				CLANG_WARN_BLOCK_CAPTURE_AUTORELEASING = YES;
				CLANG_WARN_BOOL_CONVERSION = YES;
				CLANG_WARN_COMMA = YES;
				CLANG_WARN_CONSTANT_CONVERSION = YES;
				CLANG_WARN_DIRECT_OBJC_ISA_USAGE = YES_ERROR;
				CLANG_WARN_DOCUMENTATION_COMMENTS = YES;
				CLANG_WARN_EMPTY_BODY = YES;
				CLANG_WARN_ENUM_CONVERSION = YES;
				CLANG_WARN_INFINITE_RECURSION = YES;
				CLANG_WARN_INT_CONVERSION = YES;
				CLANG_WARN_NON_LITERAL_NULL_CONVERSION = YES;
				CLANG_WARN_OBJC_LITERAL_CONVERSION = YES;
				CLANG_WARN_OBJC_ROOT_CLASS = YES_ERROR;
				CLANG_WARN_RANGE_LOOP_ANALYSIS = YES;
				CLANG_WARN_STRICT_PROTOTYPES = YES;
				CLANG_WARN_SUSPICIOUS_MOVE = YES;
				CLANG_WARN_UNGUARDED_AVAILABILITY = YES_AGGRESSIVE;
				CLANG_WARN_UNREACHABLE_CODE = YES;
				CLANG_WARN__DUPLICATE_METHOD_MATCH = YES;
				CODE_SIGN_IDENTITY = "iPhone Developer";
				COPY_PHASE_STRIP = NO;
				DEBUG_INFORMATION_FORMAT = dwarf;
				ENABLE_STRICT_OBJC_MSGSEND = YES;
				ENABLE_TESTABILITY = YES;
				GCC_C_LANGUAGE_STANDARD = gnu11;
				GCC_DYNAMIC_NO_PIC = NO;
				GCC_NO_COMMON_BLOCKS = YES;
				GCC_OPTIMIZATION_LEVEL = 0;
				GCC_PREPROCESSOR_DEFINITIONS = (
					"DEBUG=1",
					"$(inherited)",
				);
				GCC_WARN_64_TO_32_BIT_CONVERSION = YES;
				GCC_WARN_ABOUT_RETURN_TYPE = YES_ERROR;
				GCC_WARN_UNDECLARED_SELECTOR = YES;
				GCC_WARN_UNINITIALIZED_AUTOS = YES_AGGRESSIVE;
				GCC_WARN_UNUSED_FUNCTION = YES;
				GCC_WARN_UNUSED_VARIABLE = YES;
				IPHONEOS_DEPLOYMENT_TARGET = 11.0;
				MTL_ENABLE_DEBUG_INFO = YES;
				ONLY_ACTIVE_ARCH = YES;
				SDKROOT = iphoneos;
				SWIFT_ACTIVE_COMPILATION_CONDITIONS = DEBUG;
				SWIFT_OPTIMIZATION_LEVEL = "-Onone";
			};
			name = Debug;
		};
		A77DDE281F5BFDEC001DC413 /* Release */ = {
			isa = XCBuildConfiguration;
			buildSettings = {
				ALWAYS_SEARCH_USER_PATHS = NO;
				CLANG_ANALYZER_NONNULL = YES;
				CLANG_ANALYZER_NUMBER_OBJECT_CONVERSION = YES_AGGRESSIVE;
				CLANG_CXX_LANGUAGE_STANDARD = "gnu++14";
				CLANG_CXX_LIBRARY = "libc++";
				CLANG_ENABLE_MODULES = YES;
				CLANG_ENABLE_OBJC_ARC = YES;
				CLANG_WARN_BLOCK_CAPTURE_AUTORELEASING = YES;
				CLANG_WARN_BOOL_CONVERSION = YES;
				CLANG_WARN_COMMA = YES;
				CLANG_WARN_CONSTANT_CONVERSION = YES;
				CLANG_WARN_DIRECT_OBJC_ISA_USAGE = YES_ERROR;
				CLANG_WARN_DOCUMENTATION_COMMENTS = YES;
				CLANG_WARN_EMPTY_BODY = YES;
				CLANG_WARN_ENUM_CONVERSION = YES;
				CLANG_WARN_INFINITE_RECURSION = YES;
				CLANG_WARN_INT_CONVERSION = YES;
				CLANG_WARN_NON_LITERAL_NULL_CONVERSION = YES;
				CLANG_WARN_OBJC_LITERAL_CONVERSION = YES;
				CLANG_WARN_OBJC_ROOT_CLASS = YES_ERROR;
				CLANG_WARN_RANGE_LOOP_ANALYSIS = YES;
				CLANG_WARN_STRICT_PROTOTYPES = YES;
				CLANG_WARN_SUSPICIOUS_MOVE = YES;
				CLANG_WARN_UNGUARDED_AVAILABILITY = YES_AGGRESSIVE;
				CLANG_WARN_UNREACHABLE_CODE = YES;
				CLANG_WARN__DUPLICATE_METHOD_MATCH = YES;
				CODE_SIGN_IDENTITY = "iPhone Developer";
				COPY_PHASE_STRIP = NO;
				DEBUG_INFORMATION_FORMAT = "dwarf-with-dsym";
				ENABLE_NS_ASSERTIONS = NO;
				ENABLE_STRICT_OBJC_MSGSEND = YES;
				GCC_C_LANGUAGE_STANDARD = gnu11;
				GCC_NO_COMMON_BLOCKS = YES;
				GCC_WARN_64_TO_32_BIT_CONVERSION = YES;
				GCC_WARN_ABOUT_RETURN_TYPE = YES_ERROR;
				GCC_WARN_UNDECLARED_SELECTOR = YES;
				GCC_WARN_UNINITIALIZED_AUTOS = YES_AGGRESSIVE;
				GCC_WARN_UNUSED_FUNCTION = YES;
				GCC_WARN_UNUSED_VARIABLE = YES;
				IPHONEOS_DEPLOYMENT_TARGET = 11.0;
				MTL_ENABLE_DEBUG_INFO = NO;
				SDKROOT = iphoneos;
				SWIFT_OPTIMIZATION_LEVEL = "-Owholemodule";
				VALIDATE_PRODUCT = YES;
			};
			name = Release;
		};
		A77DDE2A1F5BFDEC001DC413 /* Debug */ = {
			isa = XCBuildConfiguration;
			baseConfigurationReference = 592C828B9AC75FE187C16629 /* Pods-bitcoin-app.debug.xcconfig */;
			buildSettings = {
				ASSETCATALOG_COMPILER_APPICON_NAME = AppIcon;
				CODE_SIGN_STYLE = Automatic;
				DEVELOPMENT_TEAM = 6N9Z26P656;
				INFOPLIST_FILE = "bitcoin-app/Info.plist";
				LD_RUNPATH_SEARCH_PATHS = "$(inherited) @executable_path/Frameworks";
				PRODUCT_BUNDLE_IDENTIFIER = "de.jandamm.bitcoin-app";
				PRODUCT_NAME = "$(TARGET_NAME)";
				SWIFT_VERSION = 4.0;
				TARGETED_DEVICE_FAMILY = "1,2";
			};
			name = Debug;
		};
		A77DDE2B1F5BFDEC001DC413 /* Release */ = {
			isa = XCBuildConfiguration;
			baseConfigurationReference = 3AD0AF8EB7733E25F33D1FBF /* Pods-bitcoin-app.release.xcconfig */;
			buildSettings = {
				ASSETCATALOG_COMPILER_APPICON_NAME = AppIcon;
				CODE_SIGN_STYLE = Automatic;
				DEVELOPMENT_TEAM = 6N9Z26P656;
				INFOPLIST_FILE = "bitcoin-app/Info.plist";
				LD_RUNPATH_SEARCH_PATHS = "$(inherited) @executable_path/Frameworks";
				PRODUCT_BUNDLE_IDENTIFIER = "de.jandamm.bitcoin-app";
				PRODUCT_NAME = "$(TARGET_NAME)";
				SWIFT_VERSION = 4.0;
				TARGETED_DEVICE_FAMILY = "1,2";
			};
			name = Release;
		};
		A77DDE2D1F5BFDEC001DC413 /* Debug */ = {
			isa = XCBuildConfiguration;
			baseConfigurationReference = 65B767BAA090806157CDE6FA /* Pods-bitcoin-appTests.debug.xcconfig */;
			buildSettings = {
				ALWAYS_EMBED_SWIFT_STANDARD_LIBRARIES = YES;
				BUNDLE_LOADER = "$(TEST_HOST)";
				CODE_SIGN_STYLE = Automatic;
				INFOPLIST_FILE = "bitcoin-appTests/Info.plist";
				LD_RUNPATH_SEARCH_PATHS = "$(inherited) @executable_path/Frameworks @loader_path/Frameworks";
				PRODUCT_BUNDLE_IDENTIFIER = "de.jandamm.bitcoin-appTests";
				PRODUCT_NAME = "$(TARGET_NAME)";
				SWIFT_VERSION = 4.0;
				TARGETED_DEVICE_FAMILY = "1,2";
				TEST_HOST = "$(BUILT_PRODUCTS_DIR)/bitcoin-app.app/bitcoin-app";
			};
			name = Debug;
		};
		A77DDE2E1F5BFDEC001DC413 /* Release */ = {
			isa = XCBuildConfiguration;
			baseConfigurationReference = 9C82D7C681FF33EB62E0560A /* Pods-bitcoin-appTests.release.xcconfig */;
			buildSettings = {
				ALWAYS_EMBED_SWIFT_STANDARD_LIBRARIES = YES;
				BUNDLE_LOADER = "$(TEST_HOST)";
				CODE_SIGN_STYLE = Automatic;
				INFOPLIST_FILE = "bitcoin-appTests/Info.plist";
				LD_RUNPATH_SEARCH_PATHS = "$(inherited) @executable_path/Frameworks @loader_path/Frameworks";
				PRODUCT_BUNDLE_IDENTIFIER = "de.jandamm.bitcoin-appTests";
				PRODUCT_NAME = "$(TARGET_NAME)";
				SWIFT_VERSION = 4.0;
				TARGETED_DEVICE_FAMILY = "1,2";
				TEST_HOST = "$(BUILT_PRODUCTS_DIR)/bitcoin-app.app/bitcoin-app";
			};
			name = Release;
		};
/* End XCBuildConfiguration section */

/* Begin XCConfigurationList section */
		A77DDE071F5BFDEC001DC413 /* Build configuration list for PBXProject "bitcoin-app" */ = {
			isa = XCConfigurationList;
			buildConfigurations = (
				A77DDE271F5BFDEC001DC413 /* Debug */,
				A77DDE281F5BFDEC001DC413 /* Release */,
			);
			defaultConfigurationIsVisible = 0;
			defaultConfigurationName = Release;
		};
		A77DDE291F5BFDEC001DC413 /* Build configuration list for PBXNativeTarget "bitcoin-app" */ = {
			isa = XCConfigurationList;
			buildConfigurations = (
				A77DDE2A1F5BFDEC001DC413 /* Debug */,
				A77DDE2B1F5BFDEC001DC413 /* Release */,
			);
			defaultConfigurationIsVisible = 0;
			defaultConfigurationName = Release;
		};
		A77DDE2C1F5BFDEC001DC413 /* Build configuration list for PBXNativeTarget "bitcoin-appTests" */ = {
			isa = XCConfigurationList;
			buildConfigurations = (
				A77DDE2D1F5BFDEC001DC413 /* Debug */,
				A77DDE2E1F5BFDEC001DC413 /* Release */,
			);
			defaultConfigurationIsVisible = 0;
			defaultConfigurationName = Release;
		};
/* End XCConfigurationList section */
	};
	rootObject = A77DDE041F5BFDEC001DC413 /* Project object */;
}
